
Microsoft Visual Studio Solution File, Format Version 12.00
# Visual Studio Version 17

Project(") = "Ipv4_6_ObsFuscation", "Ipv4_6_ObsFuscation\Ipv4_6_ObsFuscation.vcxproj", ""
EndProject
Global
	GlobalSection(SolutionConfigurationPlatforms) = preSolution
		Debug|x64 = Debug|x64
		Debug|x86 = Debug|x86
		Release|x64 = Release|x64
		Release|x86 = Release|x86
	EndGlobalSection

	
EndGlobal
